// !$*UTF8*$!
{
	archiveVersion = 1;
	classes = {
	};
	objectVersion = 56;
	objects = {

/* Begin PBXBuildFile section */
		787362A72C31602000341ECC /* permission_swift_exampleApp.swift in Sources */ = {isa = PBXBuildFile; fileRef = 787362A62C31602000341ECC /* permission_swift_exampleApp.swift */; };
		787362A92C31602000341ECC /* ContentView.swift in Sources */ = {isa = PBXBuildFile; fileRef = 787362A82C31602000341ECC /* ContentView.swift */; };
		787362AB2C31602200341ECC /* Assets.xcassets in Resources */ = {isa = PBXBuildFile; fileRef = 787362AA2C31602200341ECC /* Assets.xcassets */; };
		787362AE2C31602200341ECC /* Preview Assets.xcassets in Resources */ = {isa = PBXBuildFile; fileRef = 787362AD2C31602200341ECC /* Preview Assets.xcassets */; };
		787362B62C31605900341ECC /* grand-access in Frameworks */ = {isa = PBXBuildFile; productRef = 787362B52C31605900341ECC /* grand-access */; };
		787362B82C3160AC00341ECC /* ScanButton.swift in Sources */ = {isa = PBXBuildFile; fileRef = 787362B72C3160AC00341ECC /* ScanButton.swift */; };
		787362BC2C3162F900341ECC /* Progress.swift in Sources */ = {isa = PBXBuildFile; fileRef = 787362BB2C3162F900341ECC /* Progress.swift */; };
		787362BF2C316D0000341ECC /* README.md in Resources */ = {isa = PBXBuildFile; fileRef = 787362BE2C316D0000341ECC /* README.md */; };
		78A045B92C3191220037A921 /* grand_access.gif in Resources */ = {isa = PBXBuildFile; fileRef = 78A045B82C3191220037A921 /* grand_access.gif */; };
/* End PBXBuildFile section */

/* Begin PBXFileReference section */
		787362A32C31602000341ECC /* permission-swift-example.app */ = {isa = PBXFileReference; explicitFileType = wrapper.application; includeInIndex = 0; path = "permission-swift-example.app"; sourceTree = BUILT_PRODUCTS_DIR; };
		787362A62C31602000341ECC /* permission_swift_exampleApp.swift */ = {isa = PBXFileReference; lastKnownFileType = sourcecode.swift; path = permission_swift_exampleApp.swift; sourceTree = "<group>"; };
		787362A82C31602000341ECC /* ContentView.swift */ = {isa = PBXFileReference; lastKnownFileType = sourcecode.swift; path = ContentView.swift; sourceTree = "<group>"; };
		787362AA2C31602200341ECC /* Assets.xcassets */ = {isa = PBXFileReference; lastKnownFileType = folder.assetcatalog; path = Assets.xcassets; sourceTree = "<group>"; };
		787362AD2C31602200341ECC /* Preview Assets.xcassets */ = {isa = PBXFileReference; lastKnownFileType = folder.assetcatalog; path = "Preview Assets.xcassets"; sourceTree = "<group>"; };
		787362B72C3160AC00341ECC /* ScanButton.swift */ = {isa = PBXFileReference; lastKnownFileType = sourcecode.swift; path = ScanButton.swift; sourceTree = "<group>"; };
		787362BB2C3162F900341ECC /* Progress.swift */ = {isa = PBXFileReference; lastKnownFileType = sourcecode.swift; path = Progress.swift; sourceTree = "<group>"; };
		787362BE2C316D0000341ECC /* README.md */ = {isa = PBXFileReference; fileEncoding = 4; lastKnownFileType = net.daringfireball.markdown; path = README.md; sourceTree = "<group>"; };
		78A045B82C3191220037A921 /* grand_access.gif */ = {isa = PBXFileReference; lastKnownFileType = image.gif; path = grand_access.gif; sourceTree = "<group>"; };
/* End PBXFileReference section */

/* Begin PBXFrameworksBuildPhase section */
		787362A02C31602000341ECC /* Frameworks */ = {
			isa = PBXFrameworksBuildPhase;
			buildActionMask = 2147483647;
			files = (
				787362B62C31605900341ECC /* grand-access in Frameworks */,
			);
			runOnlyForDeploymentPostprocessing = 0;
		};
/* End PBXFrameworksBuildPhase section */

/* Begin PBXGroup section */
		7873629A2C31602000341ECC = {
			isa = PBXGroup;
			children = (
				78A045B72C3190ED0037A921 /* img */,
				787362BE2C316D0000341ECC /* README.md */,
				787362A52C31602000341ECC /* permission-swift-example */,
				787362A42C31602000341ECC /* Products */,
			);
			sourceTree = "<group>";
		};
		787362A42C31602000341ECC /* Products */ = {
			isa = PBXGroup;
			children = (
				787362A32C31602000341ECC /* permission-swift-example.app */,
			);
			name = Products;
			sourceTree = "<group>";
		};
		787362A52C31602000341ECC /* permission-swift-example */ = {
			isa = PBXGroup;
			children = (
				787362BD2C31660000341ECC /* ui */,
				787362BA2C3162EA00341ECC /* enum */,
				787362A62C31602000341ECC /* permission_swift_exampleApp.swift */,
				787362A82C31602000341ECC /* ContentView.swift */,
				787362AA2C31602200341ECC /* Assets.xcassets */,
				787362AC2C31602200341ECC /* Preview Content */,
			);
			path = "permission-swift-example";
			sourceTree = "<group>";
		};
		787362AC2C31602200341ECC /* Preview Content */ = {
			isa = PBXGroup;
			children = (
				787362AD2C31602200341ECC /* Preview Assets.xcassets */,
			);
			path = "Preview Content";
			sourceTree = "<group>";
		};
		787362BA2C3162EA00341ECC /* enum */ = {
			isa = PBXGroup;
			children = (
				787362BB2C3162F900341ECC /* Progress.swift */,
			);
			path = enum;
			sourceTree = "<group>";
		};
		787362BD2C31660000341ECC /* ui */ = {
			isa = PBXGroup;
			children = (
				787362B72C3160AC00341ECC /* ScanButton.swift */,
			);
			path = ui;
			sourceTree = "<group>";
		};
		78A045B72C3190ED0037A921 /* img */ = {
			isa = PBXGroup;
			children = (
				78A045B82C3191220037A921 /* grand_access.gif */,
			);
			path = img;
			sourceTree = "<group>";
		};
/* End PBXGroup section */

/* Begin PBXNativeTarget section */
		787362A22C31602000341ECC /* permission-swift-example */ = {
			isa = PBXNativeTarget;
			buildConfigurationList = 787362B12C31602200341ECC /* Build configuration list for PBXNativeTarget "permission-swift-example" */;
			buildPhases = (
				7873629F2C31602000341ECC /* Sources */,
				787362A02C31602000341ECC /* Frameworks */,
				787362A12C31602000341ECC /* Resources */,
			);
			buildRules = (
			);
			dependencies = (
			);
			name = "permission-swift-example";
			packageProductDependencies = (
				787362B52C31605900341ECC /* grand-access */,
			);
			productName = "permission-swift-example";
			productReference = 787362A32C31602000341ECC /* permission-swift-example.app */;
			productType = "com.apple.product-type.application";
		};
/* End PBXNativeTarget section */

/* Begin PBXProject section */
		7873629B2C31602000341ECC /* Project object */ = {
			isa = PBXProject;
			attributes = {
				BuildIndependentTargetsInParallel = 1;
				LastSwiftUpdateCheck = 1530;
				LastUpgradeCheck = 1530;
				TargetAttributes = {
					787362A22C31602000341ECC = {
						CreatedOnToolsVersion = 15.3;
					};
				};
			};
			buildConfigurationList = 7873629E2C31602000341ECC /* Build configuration list for PBXProject "permission-swift-example" */;
			compatibilityVersion = "Xcode 14.0";
			developmentRegion = en;
			hasScannedForEncodings = 0;
			knownRegions = (
				en,
				Base,
			);
			mainGroup = 7873629A2C31602000341ECC;
			packageReferences = (
				787362B42C31605900341ECC /* XCRemoteSwiftPackageReference "grand-access" */,
			);
			productRefGroup = 787362A42C31602000341ECC /* Products */;
			projectDirPath = "";
			projectRoot = "";
			targets = (
				787362A22C31602000341ECC /* permission-swift-example */,
			);
		};
/* End PBXProject section */

/* Begin PBXResourcesBuildPhase section */
		787362A12C31602000341ECC /* Resources */ = {
			isa = PBXResourcesBuildPhase;
			buildActionMask = 2147483647;
			files = (
				787362BF2C316D0000341ECC /* README.md in Resources */,
				78A045B92C3191220037A921 /* grand_access.gif in Resources */,
				787362AE2C31602200341ECC /* Preview Assets.xcassets in Resources */,
				787362AB2C31602200341ECC /* Assets.xcassets in Resources */,
			);
			runOnlyForDeploymentPostprocessing = 0;
		};
/* End PBXResourcesBuildPhase section */

/* Begin PBXSourcesBuildPhase section */
		7873629F2C31602000341ECC /* Sources */ = {
			isa = PBXSourcesBuildPhase;
			buildActionMask = 2147483647;
			files = (
				787362A92C31602000341ECC /* ContentView.swift in Sources */,
				787362BC2C3162F900341ECC /* Progress.swift in Sources */,
				787362A72C31602000341ECC /* permission_swift_exampleApp.swift in Sources */,
				787362B82C3160AC00341ECC /* ScanButton.swift in Sources */,
			);
			runOnlyForDeploymentPostprocessing = 0;
		};
/* End PBXSourcesBuildPhase section */

/* Begin XCBuildConfiguration section */
		787362AF2C31602200341ECC /* Debug */ = {
			isa = XCBuildConfiguration;
			buildSettings = {
				ALWAYS_SEARCH_USER_PATHS = NO;
				ASSETCATALOG_COMPILER_GENERATE_SWIFT_ASSET_SYMBOL_EXTENSIONS = YES;
				CLANG_ANALYZER_NONNULL = YES;
				CLANG_ANALYZER_NUMBER_OBJECT_CONVERSION = YES_AGGRESSIVE;
				CLANG_CXX_LANGUAGE_STANDARD = "gnu++20";
				CLANG_ENABLE_MODULES = YES;
				CLANG_ENABLE_OBJC_ARC = YES;
				CLANG_ENABLE_OBJC_WEAK = YES;
				CLANG_WARN_BLOCK_CAPTURE_AUTORELEASING = YES;
				CLANG_WARN_BOOL_CONVERSION = YES;
				CLANG_WARN_COMMA = YES;
				CLANG_WARN_CONSTANT_CONVERSION = YES;
				CLANG_WARN_DEPRECATED_OBJC_IMPLEMENTATIONS = YES;
				CLANG_WARN_DIRECT_OBJC_ISA_USAGE = YES_ERROR;
				CLANG_WARN_DOCUMENTATION_COMMENTS = YES;
				CLANG_WARN_EMPTY_BODY = YES;
				CLANG_WARN_ENUM_CONVERSION = YES;
				CLANG_WARN_INFINITE_RECURSION = YES;
				CLANG_WARN_INT_CONVERSION = YES;
				CLANG_WARN_NON_LITERAL_NULL_CONVERSION = YES;
				CLANG_WARN_OBJC_IMPLICIT_RETAIN_SELF = YES;
				CLANG_WARN_OBJC_LITERAL_CONVERSION = YES;
				CLANG_WARN_OBJC_ROOT_CLASS = YES_ERROR;
				CLANG_WARN_QUOTED_INCLUDE_IN_FRAMEWORK_HEADER = YES;
				CLANG_WARN_RANGE_LOOP_ANALYSIS = YES;
				CLANG_WARN_STRICT_PROTOTYPES = YES;
				CLANG_WARN_SUSPICIOUS_MOVE = YES;
				CLANG_WARN_UNGUARDED_AVAILABILITY = YES_AGGRESSIVE;
				CLANG_WARN_UNREACHABLE_CODE = YES;
				CLANG_WARN__DUPLICATE_METHOD_MATCH = YES;
				COPY_PHASE_STRIP = NO;
				DEBUG_INFORMATION_FORMAT = dwarf;
				ENABLE_STRICT_OBJC_MSGSEND = YES;
				ENABLE_TESTABILITY = YES;
				ENABLE_USER_SCRIPT_SANDBOXING = YES;
				GCC_C_LANGUAGE_STANDARD = gnu17;
				GCC_DYNAMIC_NO_PIC = NO;
				GCC_NO_COMMON_BLOCKS = YES;
				GCC_OPTIMIZATION_LEVEL = 0;
				GCC_PREPROCESSOR_DEFINITIONS = (
					"DEBUG=1",
					"$(inherited)",
				);
				GCC_WARN_64_TO_32_BIT_CONVERSION = YES;
				GCC_WARN_ABOUT_RETURN_TYPE = YES_ERROR;
				GCC_WARN_UNDECLARED_SELECTOR = YES;
				GCC_WARN_UNINITIALIZED_AUTOS = YES_AGGRESSIVE;
				GCC_WARN_UNUSED_FUNCTION = YES;
				GCC_WARN_UNUSED_VARIABLE = YES;
				IPHONEOS_DEPLOYMENT_TARGET = 17.4;
				LOCALIZATION_PREFERS_STRING_CATALOGS = YES;
				MTL_ENABLE_DEBUG_INFO = INCLUDE_SOURCE;
				MTL_FAST_MATH = YES;
				ONLY_ACTIVE_ARCH = YES;
				SDKROOT = iphoneos;
				SWIFT_ACTIVE_COMPILATION_CONDITIONS = "DEBUG $(inherited)";
				SWIFT_OPTIMIZATION_LEVEL = "-Onone";
			};
			name = Debug;
		};
		787362B02C31602200341ECC /* Release */ = {
			isa = XCBuildConfiguration;
			buildSettings = {
				ALWAYS_SEARCH_USER_PATHS = NO;
				ASSETCATALOG_COMPILER_GENERATE_SWIFT_ASSET_SYMBOL_EXTENSIONS = YES;
				CLANG_ANALYZER_NONNULL = YES;
				CLANG_ANALYZER_NUMBER_OBJECT_CONVERSION = YES_AGGRESSIVE;
				CLANG_CXX_LANGUAGE_STANDARD = "gnu++20";
				CLANG_ENABLE_MODULES = YES;
				CLANG_ENABLE_OBJC_ARC = YES;
				CLANG_ENABLE_OBJC_WEAK = YES;
				CLANG_WARN_BLOCK_CAPTURE_AUTORELEASING = YES;
				CLANG_WARN_BOOL_CONVERSION = YES;
				CLANG_WARN_COMMA = YES;
				CLANG_WARN_CONSTANT_CONVERSION = YES;
				CLANG_WARN_DEPRECATED_OBJC_IMPLEMENTATIONS = YES;
				CLANG_WARN_DIRECT_OBJC_ISA_USAGE = YES_ERROR;
				CLANG_WARN_DOCUMENTATION_COMMENTS = YES;
				CLANG_WARN_EMPTY_BODY = YES;
				CLANG_WARN_ENUM_CONVERSION = YES;
				CLANG_WARN_INFINITE_RECURSION = YES;
				CLANG_WARN_INT_CONVERSION = YES;
				CLANG_WARN_NON_LITERAL_NULL_CONVERSION = YES;
				CLANG_WARN_OBJC_IMPLICIT_RETAIN_SELF = YES;
				CLANG_WARN_OBJC_LITERAL_CONVERSION = YES;
				CLANG_WARN_OBJC_ROOT_CLASS = YES_ERROR;
				CLANG_WARN_QUOTED_INCLUDE_IN_FRAMEWORK_HEADER = YES;
				CLANG_WARN_RANGE_LOOP_ANALYSIS = YES;
				CLANG_WARN_STRICT_PROTOTYPES = YES;
				CLANG_WARN_SUSPICIOUS_MOVE = YES;
				CLANG_WARN_UNGUARDED_AVAILABILITY = YES_AGGRESSIVE;
				CLANG_WARN_UNREACHABLE_CODE = YES;
				CLANG_WARN__DUPLICATE_METHOD_MATCH = YES;
				COPY_PHASE_STRIP = NO;
				DEBUG_INFORMATION_FORMAT = "dwarf-with-dsym";
				ENABLE_NS_ASSERTIONS = NO;
				ENABLE_STRICT_OBJC_MSGSEND = YES;
				ENABLE_USER_SCRIPT_SANDBOXING = YES;
				GCC_C_LANGUAGE_STANDARD = gnu17;
				GCC_NO_COMMON_BLOCKS = YES;
				GCC_WARN_64_TO_32_BIT_CONVERSION = YES;
				GCC_WARN_ABOUT_RETURN_TYPE = YES_ERROR;
				GCC_WARN_UNDECLARED_SELECTOR = YES;
				GCC_WARN_UNINITIALIZED_AUTOS = YES_AGGRESSIVE;
				GCC_WARN_UNUSED_FUNCTION = YES;
				GCC_WARN_UNUSED_VARIABLE = YES;
				IPHONEOS_DEPLOYMENT_TARGET = 17.4;
				LOCALIZATION_PREFERS_STRING_CATALOGS = YES;
				MTL_ENABLE_DEBUG_INFO = NO;
				MTL_FAST_MATH = YES;
				SDKROOT = iphoneos;
				SWIFT_COMPILATION_MODE = wholemodule;
				VALIDATE_PRODUCT = YES;
			};
			name = Release;
		};
		787362B22C31602200341ECC /* Debug */ = {
			isa = XCBuildConfiguration;
			buildSettings = {
				ASSETCATALOG_COMPILER_APPICON_NAME = AppIcon;
				ASSETCATALOG_COMPILER_GLOBAL_ACCENT_COLOR_NAME = AccentColor;
				CODE_SIGN_STYLE = Automatic;
				CURRENT_PROJECT_VERSION = 1;
				DEVELOPMENT_ASSET_PATHS = "\"permission-swift-example/Preview Content\"";
				DEVELOPMENT_TEAM = FZ42RW4USG;
				ENABLE_PREVIEWS = YES;
				GENERATE_INFOPLIST_FILE = YES;
				INFOPLIST_KEY_NSCameraUsageDescription = "This app uses the camera to let you scan business card";
				INFOPLIST_KEY_UIApplicationSceneManifest_Generation = YES;
				INFOPLIST_KEY_UIApplicationSupportsIndirectInputEvents = YES;
				INFOPLIST_KEY_UILaunchScreen_Generation = YES;
				INFOPLIST_KEY_UISupportedInterfaceOrientations_iPad = "UIInterfaceOrientationPortrait UIInterfaceOrientationPortraitUpsideDown UIInterfaceOrientationLandscapeLeft UIInterfaceOrientationLandscapeRight";
				INFOPLIST_KEY_UISupportedInterfaceOrientations_iPhone = "UIInterfaceOrientationPortrait UIInterfaceOrientationLandscapeLeft UIInterfaceOrientationLandscapeRight";
				LD_RUNPATH_SEARCH_PATHS = (
					"$(inherited)",
					"@executable_path/Frameworks",
				);
				MARKETING_VERSION = 1.0;
				PRODUCT_BUNDLE_IDENTIFIER = "igorshell.permission-swift-example";
				PRODUCT_NAME = "$(TARGET_NAME)";
				SWIFT_EMIT_LOC_STRINGS = YES;
				SWIFT_VERSION = 5.0;
				TARGETED_DEVICE_FAMILY = "1,2";
			};
			name = Debug;
		};
		787362B32C31602200341ECC /* Release */ = {
			isa = XCBuildConfiguration;
			buildSettings = {
				ASSETCATALOG_COMPILER_APPICON_NAME = AppIcon;
				ASSETCATALOG_COMPILER_GLOBAL_ACCENT_COLOR_NAME = AccentColor;
				CODE_SIGN_STYLE = Automatic;
				CURRENT_PROJECT_VERSION = 1;
				DEVELOPMENT_ASSET_PATHS = "\"permission-swift-example/Preview Content\"";
				DEVELOPMENT_TEAM = FZ42RW4USG;
				ENABLE_PREVIEWS = YES;
				GENERATE_INFOPLIST_FILE = YES;
				INFOPLIST_KEY_NSCameraUsageDescription = "This app uses the camera to let you scan business card";
				INFOPLIST_KEY_UIApplicationSceneManifest_Generation = YES;
				INFOPLIST_KEY_UIApplicationSupportsIndirectInputEvents = YES;
				INFOPLIST_KEY_UILaunchScreen_Generation = YES;
				INFOPLIST_KEY_UISupportedInterfaceOrientations_iPad = "UIInterfaceOrientationPortrait UIInterfaceOrientationPortraitUpsideDown UIInterfaceOrientationLandscapeLeft UIInterfaceOrientationLandscapeRight";
				INFOPLIST_KEY_UISupportedInterfaceOrientations_iPhone = "UIInterfaceOrientationPortrait UIInterfaceOrientationLandscapeLeft UIInterfaceOrientationLandscapeRight";
				LD_RUNPATH_SEARCH_PATHS = (
					"$(inherited)",
					"@executable_path/Frameworks",
				);
				MARKETING_VERSION = 1.0;
				PRODUCT_BUNDLE_IDENTIFIER = "igorshell.permission-swift-example";
				PRODUCT_NAME = "$(TARGET_NAME)";
				SWIFT_EMIT_LOC_STRINGS = YES;
				SWIFT_VERSION = 5.0;
				TARGETED_DEVICE_FAMILY = "1,2";
			};
			name = Release;
		};
/* End XCBuildConfiguration section */

/* Begin XCConfigurationList section */
		7873629E2C31602000341ECC /* Build configuration list for PBXProject "permission-swift-example" */ = {
			isa = XCConfigurationList;
			buildConfigurations = (
				787362AF2C31602200341ECC /* Debug */,
				787362B02C31602200341ECC /* Release */,
			);
			defaultConfigurationIsVisible = 0;
			defaultConfigurationName = Release;
		};
		787362B12C31602200341ECC /* Build configuration list for PBXNativeTarget "permission-swift-example" */ = {
			isa = XCConfigurationList;
			buildConfigurations = (
				787362B22C31602200341ECC /* Debug */,
				787362B32C31602200341ECC /* Release */,
			);
			defaultConfigurationIsVisible = 0;
			defaultConfigurationName = Release;
		};
/* End XCConfigurationList section */

/* Begin XCRemoteSwiftPackageReference section */
		787362B42C31605900341ECC /* XCRemoteSwiftPackageReference "grand-access" */ = {
			isa = XCRemoteSwiftPackageReference;
			repositoryURL = "https://github.com/The-Igor/grand-access.git";
			requirement = {
				branch = main;
				kind = branch;
			};
		};
/* End XCRemoteSwiftPackageReference section */

/* Begin XCSwiftPackageProductDependency section */
		787362B52C31605900341ECC /* grand-access */ = {
			isa = XCSwiftPackageProductDependency;
			package = 787362B42C31605900341ECC /* XCRemoteSwiftPackageReference "grand-access" */;
			productName = "grand-access";
		};
/* End XCSwiftPackageProductDependency section */
	};
	rootObject = 7873629B2C31602000341ECC /* Project object */;
}
